{
  "name": "jnrpe",
  "version": "1.0.0",
  "lockfileVersion": 1,
  "requires": true,
  "dependencies": {
    "crc-32": {
      "version": "1.2.0",
      "resolved": "https://registry.npmjs.org/crc-32/-/crc-32-1.2.0.tgz",
      "integrity": "sha512-1uBwHxF+Y/4yF5G48fwnKq6QsIXheor3ZLPT80yGBV1oEUwpPojlEhQbWKVw1VwcTQyMGHK1/XMmTjmlsmTTGA==",
      "requires": {
        "exit-on-epipe": "1.0.1",
        "printj": "1.1.2"
      }
    },
    "enum": {
      "version": "2.5.0",
      "resolved": "https://registry.npmjs.org/enum/-/enum-2.5.0.tgz",
      "integrity": "sha1-8gW4xlozWorOgIEQXflxsYVouYQ=",
      "requires": {
        "is-buffer": "1.1.6"
      }
    },
    "exit-on-epipe": {
      "version": "1.0.1",
      "resolved": "https://registry.npmjs.org/exit-on-epipe/-/exit-on-epipe-1.0.1.tgz",
      "integrity": "sha512-h2z5mrROTxce56S+pnvAV890uu7ls7f1kEvVGJbw1OlFH3/mlJ5bkXu0KRyW94v37zzHPiUd55iLn3DA7TjWpw=="
    },
    "is-buffer": {
      "version": "1.1.6",
      "resolved": "https://registry.npmjs.org/is-buffer/-/is-buffer-1.1.6.tgz",
      "integrity": "sha512-NcdALwpXkTm5Zvvbk7owOUSvVvBKDgKP5/ewfXEznmQFfs4ZRmanOeKBTjRVjka3QFoN6XJ+9F3USqfHqTaU5w=="
    },
    "js-class": {
      "version": "0.0.2",
      "resolved": "https://registry.npmjs.org/js-class/-/js-class-0.0.2.tgz",
      "integrity": "sha1-VsM9uVX6tSyu+Qea9zZBuk+YHb8="
    },
    "js-flow": {
      "version": "0.0.1",
      "resolved": "https://registry.npmjs.org/js-flow/-/js-flow-0.0.1.tgz",
      "integrity": "sha1-g1ge/GId8MjbwIQsYp70UOsR+JY=",
      "requires": {
        "js-class": "0.0.2"
      }
    },
    "js-plugins": {
      "version": "1.0.0",
      "resolved": "https://registry.npmjs.org/js-plugins/-/js-plugins-1.0.0.tgz",
      "integrity": "sha512-0KeCmJIn4U3+9hlbSQ3Xx4tPFfiZhto8lUCOXW+7aqr4I9/1SuWcFEya79pgHsZeajNdECPzLvad/0ryIzwEjw==",
      "requires": {
        "js-class": "0.0.2",
        "js-flow": "0.0.1"
      }
    },
    "printj": {
      "version": "1.1.2",
      "resolved": "https://registry.npmjs.org/printj/-/printj-1.1.2.tgz",
      "integrity": "sha512-zA2SmoLaxZyArQTOPj5LXecR+RagfPSU5Kw1qP+jkWeNlrq+eJZyY2oS68SU1Z/7/myXM4lo9716laOFAVStCQ=="
    },
    "split-string": {
      "version": "6.0.0",
      "resolved": "https://registry.npmjs.org/split-string/-/split-string-6.0.0.tgz",
      "integrity": "sha512-a+7NZ4oXyH02emLyo1/15L1IkGfM0rJegxl6TsJS9MCDaYBVy+ySnfUW+wKxP8xo1WPmgLo5S45+025IP6FkOw=="
    }
  }
}
